version = 1
revision = 3
requires-python = ">=3.13"

[[package]]
name = "colorama"
version = "0.4.6"
source = { registry = "https://pypi.org/simple" }
sdist = { url = "https://files.pythonhosted.org/packages/d8/53/6f443c9a4a8358a93a6792e2acffb9d9d5cb0a5cfd8802644b7b1c9a02e4/colorama-0.4.6.tar.gz", hash = "sha256:08695f5cb7ed6e0531a20572697297273c47b8cae5a63ffc6d6ed5c201be6e44", size = 27697, upload-time = "2022-10-25T02:36:22.414Z" }
wheels = [
    { url = "https://files.pythonhosted.org/packages/d1/d6/3965ed04c63042e047cb6a3e6ed1a63a35087b6a609aa3a15ed8ac56c221/colorama-0.4.6-py2.py3-none-any.whl", hash = "sha256:4f1d9991f5acc0ca119f9d443620b77f9d6b33703e51011c16baf57afb285fc6", size = 25335, upload-time = "2022-10-25T02:36:20.889Z" },
]

[[package]]
name = "coverage"
version = "7.13.4"
source = { registry = "https://pypi.org/simple" }
sdist = { url = "https://files.pythonhosted.org/packages/24/56/95b7e30fa389756cb56630faa728da46a27b8c6eb46f9d557c68fff12b65/coverage-7.13.4.tar.gz", hash = "sha256:e5c8f6ed1e61a8b2dcdf31eb0b9bbf0130750ca79c1c49eb898e2ad86f5ccc91", size = 827239, upload-time = "2026-02-09T12:59:03.86Z" }
wheels = [
    { url = "https://files.pythonhosted.org/packages/db/23/aad45061a31677d68e47499197a131eea55da4875d16c1f42021ab963503/coverage-7.13.4-cp313-cp313-macosx_10_13_x86_64.whl", hash = "sha256:b66a2da594b6068b48b2692f043f35d4d3693fb639d5ea8b39533c2ad9ac3ab9", size = 219474, upload-time = "2026-02-09T12:57:19.332Z" },
    { url = "https://files.pythonhosted.org/packages/a5/70/9b8b67a0945f3dfec1fd896c5cefb7c19d5a3a6d74630b99a895170999ae/coverage-7.13.4-cp313-cp313-macosx_11_0_arm64.whl", hash = "sha256:3599eb3992d814d23b35c536c28df1a882caa950f8f507cef23d1cbf334995ac", size = 219844, upload-time = "2026-02-09T12:57:20.66Z" },
    { url = "https://files.pythonhosted.org/packages/97/fd/7e859f8fab324cef6c4ad7cff156ca7c489fef9179d5749b0c8d321281c2/coverage-7.13.4-cp313-cp313-manylinux1_i686.manylinux_2_28_i686.manylinux_2_5_i686.whl", hash = "sha256:93550784d9281e374fb5a12bf1324cc8a963fd63b2d2f223503ef0fd4aa339ea", size = 250832, upload-time = "2026-02-09T12:57:22.007Z" },
    { url = "https://files.pythonhosted.org/packages/e4/dc/b2442d10020c2f52617828862d8b6ee337859cd8f3a1f13d607dddda9cf7/coverage-7.13.4-cp313-cp313-manylinux1_x86_64.manylinux_2_28_x86_64.manylinux_2_5_x86_64.whl", hash = "sha256:b720ce6a88a2755f7c697c23268ddc47a571b88052e6b155224347389fdf6a3b", size = 253434, upload-time = "2026-02-09T12:57:23.339Z" },
    { url = "https://files.pythonhosted.org/packages/5a/88/6728a7ad17428b18d836540630487231f5470fb82454871149502f5e5aa2/coverage-7.13.4-cp313-cp313-manylinux2014_aarch64.manylinux_2_17_aarch64.manylinux_2_28_aarch64.whl", hash = "sha256:7b322db1284a2ed3aa28ffd8ebe3db91c929b7a333c0820abec3d838ef5b3525", size = 254676, upload-time = "2026-02-09T12:57:24.774Z" },
    { url = "https://files.pythonhosted.org/packages/7c/bc/21244b1b8cedf0dff0a2b53b208015fe798d5f2a8d5348dbfece04224fff/coverage-7.13.4-cp313-cp313-manylinux2014_ppc64le.manylinux_2_17_ppc64le.manylinux_2_28_ppc64le.whl", hash = "sha256:f4594c67d8a7c89cf922d9df0438c7c7bb022ad506eddb0fdb2863359ff78242", size = 256807, upload-time = "2026-02-09T12:57:26.125Z" },
    { url = "https://files.pythonhosted.org/packages/97/a0/ddba7ed3251cff51006737a727d84e05b61517d1784a9988a846ba508877/coverage-7.13.4-cp313-cp313-manylinux_2_31_riscv64.manylinux_2_39_riscv64.whl", hash = "sha256:53d133df809c743eb8bce33b24bcababb371f4441340578cd406e084d94a6148", size = 251058, upload-time = "2026-02-09T12:57:27.614Z" },
    { url = "https://files.pythonhosted.org/packages/9b/55/e289addf7ff54d3a540526f33751951bf0878f3809b47f6dfb3def69c6f7/coverage-7.13.4-cp313-cp313-musllinux_1_2_aarch64.whl", hash = "sha256:76451d1978b95ba6507a039090ba076105c87cc76fc3efd5d35d72093964d49a", size = 252805, upload-time = "2026-02-09T12:57:29.066Z" },
    { url = "https://files.pythonhosted.org/packages/13/4e/cc276b1fa4a59be56d96f1dabddbdc30f4ba22e3b1cd42504c37b3313255/coverage-7.13.4-cp313-cp313-musllinux_1_2_i686.whl", hash = "sha256:7f57b33491e281e962021de110b451ab8a24182589be17e12a22c79047935e23", size = 250766, upload-time = "2026-02-09T12:57:30.522Z" },
    { url = "https://files.pythonhosted.org/packages/94/44/1093b8f93018f8b41a8cf29636c9292502f05e4a113d4d107d14a3acd044/coverage-7.13.4-cp313-cp313-musllinux_1_2_ppc64le.whl", hash = "sha256:1731dc33dc276dafc410a885cbf5992f1ff171393e48a21453b78727d090de80", size = 254923, upload-time = "2026-02-09T12:57:31.946Z" },
    { url = "https://files.pythonhosted.org/packages/8b/55/ea2796da2d42257f37dbea1aab239ba9263b31bd91d5527cdd6db5efe174/coverage-7.13.4-cp313-cp313-musllinux_1_2_riscv64.whl", hash = "sha256:bd60d4fe2f6fa7dff9223ca1bbc9f05d2b6697bc5961072e5d3b952d46e1b1ea", size = 250591, upload-time = "2026-02-09T12:57:33.842Z" },
    { url = "https://files.pythonhosted.org/packages/d4/fa/7c4bb72aacf8af5020675aa633e59c1fbe296d22aed191b6a5b711eb2bc7/coverage-7.13.4-cp313-cp313-musllinux_1_2_x86_64.whl", hash = "sha256:9181a3ccead280b828fae232df12b16652702b49d41e99d657f46cc7b1f6ec7a", size = 252364, upload-time = "2026-02-09T12:57:35.743Z" },
    { url = "https://files.pythonhosted.org/packages/5c/38/a8d2ec0146479c20bbaa7181b5b455a0c41101eed57f10dd19a78ab44c80/coverage-7.13.4-cp313-cp313-win32.whl", hash = "sha256:f53d492307962561ac7de4cd1de3e363589b000ab69617c6156a16ba7237998d", size = 222010, upload-time = "2026-02-09T12:57:37.25Z" },
    { url = "https://files.pythonhosted.org/packages/e2/0c/dbfafbe90a185943dcfbc766fe0e1909f658811492d79b741523a414a6cc/coverage-7.13.4-cp313-cp313-win_amd64.whl", hash = "sha256:e6f70dec1cc557e52df5306d051ef56003f74d56e9c4dd7ddb07e07ef32a84dd", size = 222818, upload-time = "2026-02-09T12:57:38.734Z" },
    { url = "https://files.pythonhosted.org/packages/04/d1/934918a138c932c90d78301f45f677fb05c39a3112b96fd2c8e60503cdc7/coverage-7.13.4-cp313-cp313-win_arm64.whl", hash = "sha256:fb07dc5da7e849e2ad31a5d74e9bece81f30ecf5a42909d0a695f8bd1874d6af", size = 221438, upload-time = "2026-02-09T12:57:40.223Z" },
    { url = "https://files.pythonhosted.org/packages/52/57/ee93ced533bcb3e6df961c0c6e42da2fc6addae53fb95b94a89b1e33ebd7/coverage-7.13.4-cp313-cp313t-macosx_10_13_x86_64.whl", hash = "sha256:40d74da8e6c4b9ac18b15331c4b5ebc35a17069410cad462ad4f40dcd2d50c0d", size = 220165, upload-time = "2026-02-09T12:57:41.639Z" },
    { url = "https://files.pythonhosted.org/packages/c5/e0/969fc285a6fbdda49d91af278488d904dcd7651b2693872f0ff94e40e84a/coverage-7.13.4-cp313-cp313t-macosx_11_0_arm64.whl", hash = "sha256:4223b4230a376138939a9173f1bdd6521994f2aff8047fae100d6d94d50c5a12", size = 220516, upload-time = "2026-02-09T12:57:44.215Z" },
    { url = "https://files.pythonhosted.org/packages/b1/b8/9531944e16267e2735a30a9641ff49671f07e8138ecf1ca13db9fd2560c7/coverage-7.13.4-cp313-cp313t-manylinux1_i686.manylinux_2_28_i686.manylinux_2_5_i686.whl", hash = "sha256:1d4be36a5114c499f9f1f9195e95ebf979460dbe2d88e6816ea202010ba1c34b", size = 261804, upload-time = "2026-02-09T12:57:45.989Z" },
    { url = "https://files.pythonhosted.org/packages/8a/f3/e63df6d500314a2a60390d1989240d5f27318a7a68fa30ad3806e2a9323e/coverage-7.13.4-cp313-cp313t-manylinux1_x86_64.manylinux_2_28_x86_64.manylinux_2_5_x86_64.whl", hash = "sha256:200dea7d1e8095cc6e98cdabe3fd1d21ab17d3cee6dab00cadbb2fe35d9c15b9", size = 263885, upload-time = "2026-02-09T12:57:47.42Z" },
    { url = "https://files.pythonhosted.org/packages/f3/67/7654810de580e14b37670b60a09c599fa348e48312db5b216d730857ffe6/coverage-7.13.4-cp313-cp313t-manylinux2014_aarch64.manylinux_2_17_aarch64.manylinux_2_28_aarch64.whl", hash = "sha256:b8eb931ee8e6d8243e253e5ed7336deea6904369d2fd8ae6e43f68abbf167092", size = 266308, upload-time = "2026-02-09T12:57:49.345Z" },
    { url = "https://files.pythonhosted.org/packages/37/6f/39d41eca0eab3cc82115953ad41c4e77935286c930e8fad15eaed1389d83/coverage-7.13.4-cp313-cp313t-manylinux2014_ppc64le.manylinux_2_17_ppc64le.manylinux_2_28_ppc64le.whl", hash = "sha256:75eab1ebe4f2f64d9509b984f9314d4aa788540368218b858dad56dc8f3e5eb9", size = 267452, upload-time = "2026-02-09T12:57:50.811Z" },
    { url = "https://files.pythonhosted.org/packages/50/6d/39c0fbb8fc5cd4d2090811e553c2108cf5112e882f82505ee7495349a6bf/coverage-7.13.4-cp313-cp313t-manylinux_2_31_riscv64.manylinux_2_39_riscv64.whl", hash = "sha256:c35eb28c1d085eb7d8c9b3296567a1bebe03ce72962e932431b9a61f28facf26", size = 261057, upload-time = "2026-02-09T12:57:52.447Z" },
    { url = "https://files.pythonhosted.org/packages/a4/a2/60010c669df5fa603bb5a97fb75407e191a846510da70ac657eb696b7fce/coverage-7.13.4-cp313-cp313t-musllinux_1_2_aarch64.whl", hash = "sha256:eb88b316ec33760714a4720feb2816a3a59180fd58c1985012054fa7aebee4c2", size = 263875, upload-time = "2026-02-09T12:57:53.938Z" },
    { url = "https://files.pythonhosted.org/packages/3e/d9/63b22a6bdbd17f1f96e9ed58604c2a6b0e72a9133e37d663bef185877cf6/coverage-7.13.4-cp313-cp313t-musllinux_1_2_i686.whl", hash = "sha256:7d41eead3cc673cbd38a4417deb7fd0b4ca26954ff7dc6078e33f6ff97bed940", size = 261500, upload-time = "2026-02-09T12:57:56.012Z" },
    { url = "https://files.pythonhosted.org/packages/70/bf/69f86ba1ad85bc3ad240e4c0e57a2e620fbc0e1645a47b5c62f0e941ad7f/coverage-7.13.4-cp313-cp313t-musllinux_1_2_ppc64le.whl", hash = "sha256:fb26a934946a6afe0e326aebe0730cdff393a8bc0bbb65a2f41e30feddca399c", size = 265212, upload-time = "2026-02-09T12:57:57.5Z" },
    { url = "https://files.pythonhosted.org/packages/ae/f2/5f65a278a8c2148731831574c73e42f57204243d33bedaaf18fa79c5958f/coverage-7.13.4-cp313-cp313t-musllinux_1_2_riscv64.whl", hash = "sha256:dae88bc0fc77edaa65c14be099bd57ee140cf507e6bfdeea7938457ab387efb0", size = 260398, upload-time = "2026-02-09T12:57:59.027Z" },
    { url = "https://files.pythonhosted.org/packages/ef/80/6e8280a350ee9fea92f14b8357448a242dcaa243cb2c72ab0ca591f66c8c/coverage-7.13.4-cp313-cp313t-musllinux_1_2_x86_64.whl", hash = "sha256:845f352911777a8e722bfce168958214951e07e47e5d5d9744109fa5fe77f79b", size = 262584, upload-time = "2026-02-09T12:58:01.129Z" },
    { url = "https://files.pythonhosted.org/packages/22/63/01ff182fc95f260b539590fb12c11ad3e21332c15f9799cb5e2386f71d9f/coverage-7.13.4-cp313-cp313t-win32.whl", hash = "sha256:2fa8d5f8de70688a28240de9e139fa16b153cc3cbb01c5f16d88d6505ebdadf9", size = 222688, upload-time = "2026-02-09T12:58:02.736Z" },
    { url = "https://files.pythonhosted.org/packages/a9/43/89de4ef5d3cd53b886afa114065f7e9d3707bdb3e5efae13535b46ae483d/coverage-7.13.4-cp313-cp313t-win_amd64.whl", hash = "sha256:9351229c8c8407645840edcc277f4a2d44814d1bc34a2128c11c2a031d45a5dd", size = 223746, upload-time = "2026-02-09T12:58:05.362Z" },
    { url = "https://files.pythonhosted.org/packages/35/39/7cf0aa9a10d470a5309b38b289b9bb07ddeac5d61af9b664fe9775a4cb3e/coverage-7.13.4-cp313-cp313t-win_arm64.whl", hash = "sha256:30b8d0512f2dc8c8747557e8fb459d6176a2c9e5731e2b74d311c03b78451997", size = 222003, upload-time = "2026-02-09T12:58:06.952Z" },
    { url = "https://files.pythonhosted.org/packages/92/11/a9cf762bb83386467737d32187756a42094927150c3e107df4cb078e8590/coverage-7.13.4-cp314-cp314-macosx_10_15_x86_64.whl", hash = "sha256:300deaee342f90696ed186e3a00c71b5b3d27bffe9e827677954f4ee56969601", size = 219522, upload-time = "2026-02-09T12:58:08.623Z" },
    { url = "https://files.pythonhosted.org/packages/d3/28/56e6d892b7b052236d67c95f1936b6a7cf7c3e2634bf27610b8cbd7f9c60/coverage-7.13.4-cp314-cp314-macosx_11_0_arm64.whl", hash = "sha256:29e3220258d682b6226a9b0925bc563ed9a1ebcff3cad30f043eceea7eaf2689", size = 219855, upload-time = "2026-02-09T12:58:10.176Z" },
    { url = "https://files.pythonhosted.org/packages/e5/69/233459ee9eb0c0d10fcc2fe425a029b3fa5ce0f040c966ebce851d030c70/coverage-7.13.4-cp314-cp314-manylinux1_i686.manylinux_2_28_i686.manylinux_2_5_i686.whl", hash = "sha256:391ee8f19bef69210978363ca930f7328081c6a0152f1166c91f0b5fdd2a773c", size = 250887, upload-time = "2026-02-09T12:58:12.503Z" },
    { url = "https://files.pythonhosted.org/packages/06/90/2cdab0974b9b5bbc1623f7876b73603aecac11b8d95b85b5b86b32de5eab/coverage-7.13.4-cp314-cp314-manylinux1_x86_64.manylinux_2_28_x86_64.manylinux_2_5_x86_64.whl", hash = "sha256:0dd7ab8278f0d58a0128ba2fca25824321f05d059c1441800e934ff2efa52129", size = 253396, upload-time = "2026-02-09T12:58:14.615Z" },
    { url = "https://files.pythonhosted.org/packages/ac/15/ea4da0f85bf7d7b27635039e649e99deb8173fe551096ea15017f7053537/coverage-7.13.4-cp314-cp314-manylinux2014_aarch64.manylinux_2_17_aarch64.manylinux_2_28_aarch64.whl", hash = "sha256:78cdf0d578b15148b009ccf18c686aa4f719d887e76e6b40c38ffb61d264a552", size = 254745, upload-time = "2026-02-09T12:58:16.162Z" },
    { url = "https://files.pythonhosted.org/packages/99/11/bb356e86920c655ca4d61daee4e2bbc7258f0a37de0be32d233b561134ff/coverage-7.13.4-cp314-cp314-manylinux2014_ppc64le.manylinux_2_17_ppc64le.manylinux_2_28_ppc64le.whl", hash = "sha256:48685fee12c2eb3b27c62f2658e7ea21e9c3239cba5a8a242801a0a3f6a8c62a", size = 257055, upload-time = "2026-02-09T12:58:17.892Z" },
    { url = "https://files.pythonhosted.org/packages/c9/0f/9ae1f8cb17029e09da06ca4e28c9e1d5c1c0a511c7074592e37e0836c915/coverage-7.13.4-cp314-cp314-manylinux_2_31_riscv64.manylinux_2_39_riscv64.whl", hash = "sha256:4e83efc079eb39480e6346a15a1bcb3e9b04759c5202d157e1dd4303cd619356", size = 250911, upload-time = "2026-02-09T12:58:19.495Z" },
    { url = "https://files.pythonhosted.org/packages/89/3a/adfb68558fa815cbc29747b553bc833d2150228f251b127f1ce97e48547c/coverage-7.13.4-cp314-cp314-musllinux_1_2_aarch64.whl", hash = "sha256:ecae9737b72408d6a950f7e525f30aca12d4bd8dd95e37342e5beb3a2a8c4f71", size = 252754, upload-time = "2026-02-09T12:58:21.064Z" },
    { url = "https://files.pythonhosted.org/packages/32/b1/540d0c27c4e748bd3cd0bd001076ee416eda993c2bae47a73b7cc9357931/coverage-7.13.4-cp314-cp314-musllinux_1_2_i686.whl", hash = "sha256:ae4578f8528569d3cf303fef2ea569c7f4c4059a38c8667ccef15c6e1f118aa5", size = 250720, upload-time = "2026-02-09T12:58:22.622Z" },
    { url = "https://files.pythonhosted.org/packages/c7/95/383609462b3ffb1fe133014a7c84fc0dd01ed55ac6140fa1093b5af7ebb1/coverage-7.13.4-cp314-cp314-musllinux_1_2_ppc64le.whl", hash = "sha256:6fdef321fdfbb30a197efa02d48fcd9981f0d8ad2ae8903ac318adc653f5df98", size = 254994, upload-time = "2026-02-09T12:58:24.548Z" },
    { url = "https://files.pythonhosted.org/packages/f7/ba/1761138e86c81680bfc3c49579d66312865457f9fe405b033184e5793cb3/coverage-7.13.4-cp314-cp314-musllinux_1_2_riscv64.whl", hash = "sha256:2b0f6ccf3dbe577170bebfce1318707d0e8c3650003cb4b3a9dd744575daa8b5", size = 250531, upload-time = "2026-02-09T12:58:26.271Z" },
    { url = "https://files.pythonhosted.org/packages/f8/8e/05900df797a9c11837ab59c4d6fe94094e029582aab75c3309a93e6fb4e3/coverage-7.13.4-cp314-cp314-musllinux_1_2_x86_64.whl", hash = "sha256:75fcd519f2a5765db3f0e391eb3b7d150cce1a771bf4c9f861aeab86c767a3c0", size = 252189, upload-time = "2026-02-09T12:58:27.807Z" },
    { url = "https://files.pythonhosted.org/packages/00/bd/29c9f2db9ea4ed2738b8a9508c35626eb205d51af4ab7bf56a21a2e49926/coverage-7.13.4-cp314-cp314-win32.whl", hash = "sha256:8e798c266c378da2bd819b0677df41ab46d78065fb2a399558f3f6cae78b2fbb", size = 222258, upload-time = "2026-02-09T12:58:29.441Z" },
    { url = "https://files.pythonhosted.org/packages/a7/4d/1f8e723f6829977410efeb88f73673d794075091c8c7c18848d273dc9d73/coverage-7.13.4-cp314-cp314-win_amd64.whl", hash = "sha256:245e37f664d89861cf2329c9afa2c1fe9e6d4e1a09d872c947e70718aeeac505", size = 223073, upload-time = "2026-02-09T12:58:31.026Z" },
    { url = "https://files.pythonhosted.org/packages/51/5b/84100025be913b44e082ea32abcf1afbf4e872f5120b7a1cab1d331b1e13/coverage-7.13.4-cp314-cp314-win_arm64.whl", hash = "sha256:ad27098a189e5838900ce4c2a99f2fe42a0bf0c2093c17c69b45a71579e8d4a2", size = 221638, upload-time = "2026-02-09T12:58:32.599Z" },
    { url = "https://files.pythonhosted.org/packages/a7/e4/c884a405d6ead1370433dad1e3720216b4f9fd8ef5b64bfd984a2a60a11a/coverage-7.13.4-cp314-cp314t-macosx_10_15_x86_64.whl", hash = "sha256:85480adfb35ffc32d40918aad81b89c69c9cc5661a9b8a81476d3e645321a056", size = 220246, upload-time = "2026-02-09T12:58:34.181Z" },
    { url = "https://files.pythonhosted.org/packages/81/5c/4d7ed8b23b233b0fffbc9dfec53c232be2e695468523242ea9fd30f97ad2/coverage-7.13.4-cp314-cp314t-macosx_11_0_arm64.whl", hash = "sha256:79be69cf7f3bf9b0deeeb062eab7ac7f36cd4cc4c4dd694bd28921ba4d8596cc", size = 220514, upload-time = "2026-02-09T12:58:35.704Z" },
    { url = "https://files.pythonhosted.org/packages/2f/6f/3284d4203fd2f28edd73034968398cd2d4cb04ab192abc8cff007ea35679/coverage-7.13.4-cp314-cp314t-manylinux1_i686.manylinux_2_28_i686.manylinux_2_5_i686.whl", hash = "sha256:caa421e2684e382c5d8973ac55e4f36bed6821a9bad5c953494de960c74595c9", size = 261877, upload-time = "2026-02-09T12:58:37.864Z" },
    { url = "https://files.pythonhosted.org/packages/09/aa/b672a647bbe1556a85337dc95bfd40d146e9965ead9cc2fe81bde1e5cbce/coverage-7.13.4-cp314-cp314t-manylinux1_x86_64.manylinux_2_28_x86_64.manylinux_2_5_x86_64.whl", hash = "sha256:14375934243ee05f56c45393fe2ce81fe5cc503c07cee2bdf1725fb8bef3ffaf", size = 264004, upload-time = "2026-02-09T12:58:39.492Z" },
    { url = "https://files.pythonhosted.org/packages/79/a1/aa384dbe9181f98bba87dd23dda436f0c6cf2e148aecbb4e50fc51c1a656/coverage-7.13.4-cp314-cp314t-manylinux2014_aarch64.manylinux_2_17_aarch64.manylinux_2_28_aarch64.whl", hash = "sha256:25a41c3104d08edb094d9db0d905ca54d0cd41c928bb6be3c4c799a54753af55", size = 266408, upload-time = "2026-02-09T12:58:41.852Z" },
    { url = "https://files.pythonhosted.org/packages/53/5e/5150bf17b4019bc600799f376bb9606941e55bd5a775dc1e096b6ffea952/coverage-7.13.4-cp314-cp314t-manylinux2014_ppc64le.manylinux_2_17_ppc64le.manylinux_2_28_ppc64le.whl", hash = "sha256:6f01afcff62bf9a08fb32b2c1d6e924236c0383c02c790732b6537269e466a72", size = 267544, upload-time = "2026-02-09T12:58:44.093Z" },
    { url = "https://files.pythonhosted.org/packages/e0/ed/f1de5c675987a4a7a672250d2c5c9d73d289dbf13410f00ed7181d8017dd/coverage-7.13.4-cp314-cp314t-manylinux_2_31_riscv64.manylinux_2_39_riscv64.whl", hash = "sha256:eb9078108fbf0bcdde37c3f4779303673c2fa1fe8f7956e68d447d0dd426d38a", size = 260980, upload-time = "2026-02-09T12:58:45.721Z" },
    { url = "https://files.pythonhosted.org/packages/b3/e3/fe758d01850aa172419a6743fe76ba8b92c29d181d4f676ffe2dae2ba631/coverage-7.13.4-cp314-cp314t-musllinux_1_2_aarch64.whl", hash = "sha256:0e086334e8537ddd17e5f16a344777c1ab8194986ec533711cbe6c41cde841b6", size = 263871, upload-time = "2026-02-09T12:58:47.334Z" },
    { url = "https://files.pythonhosted.org/packages/b6/76/b829869d464115e22499541def9796b25312b8cf235d3bb00b39f1675395/coverage-7.13.4-cp314-cp314t-musllinux_1_2_i686.whl", hash = "sha256:725d985c5ab621268b2edb8e50dfe57633dc69bda071abc470fed55a14935fd3", size = 261472, upload-time = "2026-02-09T12:58:48.995Z" },
    { url = "https://files.pythonhosted.org/packages/14/9e/caedb1679e73e2f6ad240173f55218488bfe043e38da577c4ec977489915/coverage-7.13.4-cp314-cp314t-musllinux_1_2_ppc64le.whl", hash = "sha256:3c06f0f1337c667b971ca2f975523347e63ec5e500b9aa5882d91931cd3ef750", size = 265210, upload-time = "2026-02-09T12:58:51.178Z" },
    { url = "https://files.pythonhosted.org/packages/3a/10/0dd02cb009b16ede425b49ec344aba13a6ae1dc39600840ea6abcb085ac4/coverage-7.13.4-cp314-cp314t-musllinux_1_2_riscv64.whl", hash = "sha256:590c0ed4bf8e85f745e6b805b2e1c457b2e33d5255dd9729743165253bc9ad39", size = 260319, upload-time = "2026-02-09T12:58:53.081Z" },
    { url = "https://files.pythonhosted.org/packages/92/8e/234d2c927af27c6d7a5ffad5bd2cf31634c46a477b4c7adfbfa66baf7ebb/coverage-7.13.4-cp314-cp314t-musllinux_1_2_x86_64.whl", hash = "sha256:eb30bf180de3f632cd043322dad5751390e5385108b2807368997d1a92a509d0", size = 262638, upload-time = "2026-02-09T12:58:55.258Z" },
    { url = "https://files.pythonhosted.org/packages/2f/64/e5547c8ff6964e5965c35a480855911b61509cce544f4d442caa759a0702/coverage-7.13.4-cp314-cp314t-win32.whl", hash = "sha256:c4240e7eded42d131a2d2c4dec70374b781b043ddc79a9de4d55ca71f8e98aea", size = 223040, upload-time = "2026-02-09T12:58:56.936Z" },
    { url = "https://files.pythonhosted.org/packages/c7/96/38086d58a181aac86d503dfa9c47eb20715a79c3e3acbdf786e92e5c09a8/coverage-7.13.4-cp314-cp314t-win_amd64.whl", hash = "sha256:4c7d3cc01e7350f2f0f6f7036caaf5673fb56b6998889ccfe9e1c1fe75a9c932", size = 224148, upload-time = "2026-02-09T12:58:58.645Z" },
    { url = "https://files.pythonhosted.org/packages/ce/72/8d10abd3740a0beb98c305e0c3faf454366221c0f37a8bcf8f60020bb65a/coverage-7.13.4-cp314-cp314t-win_arm64.whl", hash = "sha256:23e3f687cf945070d1c90f85db66d11e3025665d8dafa831301a0e0038f3db9b", size = 222172, upload-time = "2026-02-09T12:59:00.396Z" },
    { url = "https://files.pythonhosted.org/packages/0d/4a/331fe2caf6799d591109bb9c08083080f6de90a823695d412a935622abb2/coverage-7.13.4-py3-none-any.whl", hash = "sha256:1af1641e57cf7ba1bd67d677c9abdbcd6cc2ab7da3bca7fa1e2b7e50e65f2ad0", size = 211242, upload-time = "2026-02-09T12:59:02.032Z" },
]

[[package]]
name = "debugpy"
version = "1.8.16"
source = { registry = "https://pypi.org/simple" }
sdist = { url = "https://files.pythonhosted.org/packages/ca/d4/722d0bcc7986172ac2ef3c979ad56a1030e3afd44ced136d45f8142b1f4a/debugpy-1.8.16.tar.gz", hash = "sha256:31e69a1feb1cf6b51efbed3f6c9b0ef03bc46ff050679c4be7ea6d2e23540870", size = 1643809, upload-time = "2025-08-06T18:00:02.647Z" }
wheels = [
    { url = "https://files.pythonhosted.org/packages/62/66/607ab45cc79e60624df386e233ab64a6d8d39ea02e7f80e19c1d451345bb/debugpy-1.8.16-cp313-cp313-macosx_14_0_universal2.whl", hash = "sha256:85df3adb1de5258dca910ae0bb185e48c98801ec15018a263a92bb06be1c8787", size = 2496157, upload-time = "2025-08-06T18:00:24.361Z" },
    { url = "https://files.pythonhosted.org/packages/4d/a0/c95baae08a75bceabb79868d663a0736655e427ab9c81fb848da29edaeac/debugpy-1.8.16-cp313-cp313-manylinux_2_5_x86_64.manylinux1_x86_64.manylinux_2_17_x86_64.manylinux2014_x86_64.whl", hash = "sha256:bee89e948bc236a5c43c4214ac62d28b29388453f5fd328d739035e205365f0b", size = 4222491, upload-time = "2025-08-06T18:00:25.806Z" },
    { url = "https://files.pythonhosted.org/packages/5b/2f/1c8db6ddd8a257c3cd2c46413b267f1d5fa3df910401c899513ce30392d6/debugpy-1.8.16-cp313-cp313-win32.whl", hash = "sha256:cf358066650439847ec5ff3dae1da98b5461ea5da0173d93d5e10f477c94609a", size = 5281126, upload-time = "2025-08-06T18:00:27.207Z" },
    { url = "https://files.pythonhosted.org/packages/d3/ba/c3e154ab307366d6c5a9c1b68de04914e2ce7fa2f50d578311d8cc5074b2/debugpy-1.8.16-cp313-cp313-win_amd64.whl", hash = "sha256:b5aea1083f6f50023e8509399d7dc6535a351cc9f2e8827d1e093175e4d9fa4c", size = 5323094, upload-time = "2025-08-06T18:00:29.03Z" },
    { url = "https://files.pythonhosted.org/packages/52/57/ecc9ae29fa5b2d90107cd1d9bf8ed19aacb74b2264d986ae9d44fe9bdf87/debugpy-1.8.16-py2.py3-none-any.whl", hash = "sha256:19c9521962475b87da6f673514f7fd610328757ec993bf7ec0d8c96f9a325f9e", size = 5287700, upload-time = "2025-08-06T18:00:42.333Z" },
]

[[package]]
name = "iniconfig"
version = "2.1.0"
source = { registry = "https://pypi.org/simple" }
sdist = { url = "https://files.pythonhosted.org/packages/f2/97/ebf4da567aa6827c909642694d71c9fcf53e5b504f2d96afea02718862f3/iniconfig-2.1.0.tar.gz", hash = "sha256:3abbd2e30b36733fee78f9c7f7308f2d0050e88f0087fd25c2645f63c773e1c7", size = 4793, upload-time = "2025-03-19T20:09:59.721Z" }
wheels = [
    { url = "https://files.pythonhosted.org/packages/2c/e1/e6716421ea10d38022b952c159d5161ca1193197fb744506875fbb87ea7b/iniconfig-2.1.0-py3-none-any.whl", hash = "sha256:9deba5723312380e77435581c6bf4935c94cbfab9b1ed33ef8d238ea168eb760", size = 6050, upload-time = "2025-03-19T20:10:01.071Z" },
]

[[package]]
name = "packaging"
version = "25.0"
source = { registry = "https://pypi.org/simple" }
sdist = { url = "https://files.pythonhosted.org/packages/a1/d4/1fc4078c65507b51b96ca8f8c3ba19e6a61c8253c72794544580a7b6c24d/packaging-25.0.tar.gz", hash = "sha256:d443872c98d677bf60f6a1f2f8c1cb748e8fe762d2bf9d3148b5599295b0fc4f", size = 165727, upload-time = "2025-04-19T11:48:59.673Z" }
wheels = [
    { url = "https://files.pythonhosted.org/packages/20/12/38679034af332785aac8774540895e234f4d07f7545804097de4b666afd8/packaging-25.0-py3-none-any.whl", hash = "sha256:29572ef2b1f17581046b3a2227d5c611fb25ec70ca1ba8554b24b0e69331a484", size = 66469, upload-time = "2025-04-19T11:48:57.875Z" },
]

[[package]]
name = "pluggy"
version = "1.6.0"
source = { registry = "https://pypi.org/simple" }
sdist = { url = "https://files.pythonhosted.org/packages/f9/e2/3e91f31a7d2b083fe6ef3fa267035b518369d9511ffab804f839851d2779/pluggy-1.6.0.tar.gz", hash = "sha256:7dcc130b76258d33b90f61b658791dede3486c3e6bfb003ee5c9bfb396dd22f3", size = 69412, upload-time = "2025-05-15T12:30:07.975Z" }
wheels = [
    { url = "https://files.pythonhosted.org/packages/54/20/4d324d65cc6d9205fabedc306948156824eb9f0ee1633355a8f7ec5c66bf/pluggy-1.6.0-py3-none-any.whl", hash = "sha256:e920276dd6813095e9377c0bc5566d94c932c33b27a3e3945d8389c374dd4746", size = 20538, upload-time = "2025-05-15T12:30:06.134Z" },
]

[[package]]
name = "psycopg2-binary"
version = "2.9.10"
source = { registry = "https://pypi.org/simple" }
sdist = { url = "https://files.pythonhosted.org/packages/cb/0e/bdc8274dc0585090b4e3432267d7be4dfbfd8971c0fa59167c711105a6bf/psycopg2-binary-2.9.10.tar.gz", hash = "sha256:4b3df0e6990aa98acda57d983942eff13d824135fe2250e6522edaa782a06de2", size = 385764, upload-time = "2024-10-16T11:24:58.126Z" }
wheels = [
    { url = "https://files.pythonhosted.org/packages/3e/30/d41d3ba765609c0763505d565c4d12d8f3c79793f0d0f044ff5a28bf395b/psycopg2_binary-2.9.10-cp313-cp313-macosx_12_0_x86_64.whl", hash = "sha256:26540d4a9a4e2b096f1ff9cce51253d0504dca5a85872c7f7be23be5a53eb18d", size = 3044699, upload-time = "2024-10-16T11:21:42.841Z" },
    { url = "https://files.pythonhosted.org/packages/35/44/257ddadec7ef04536ba71af6bc6a75ec05c5343004a7ec93006bee66c0bc/psycopg2_binary-2.9.10-cp313-cp313-macosx_14_0_arm64.whl", hash = "sha256:e217ce4d37667df0bc1c397fdcd8de5e81018ef305aed9415c3b093faaeb10fb", size = 3275245, upload-time = "2024-10-16T11:21:51.989Z" },
    { url = "https://files.pythonhosted.org/packages/1b/11/48ea1cd11de67f9efd7262085588790a95d9dfcd9b8a687d46caf7305c1a/psycopg2_binary-2.9.10-cp313-cp313-manylinux_2_17_aarch64.manylinux2014_aarch64.whl", hash = "sha256:245159e7ab20a71d989da00f280ca57da7641fa2cdcf71749c193cea540a74f7", size = 2851631, upload-time = "2024-10-16T11:21:57.584Z" },
    { url = "https://files.pythonhosted.org/packages/62/e0/62ce5ee650e6c86719d621a761fe4bc846ab9eff8c1f12b1ed5741bf1c9b/psycopg2_binary-2.9.10-cp313-cp313-manylinux_2_17_i686.manylinux2014_i686.whl", hash = "sha256:3c4ded1a24b20021ebe677b7b08ad10bf09aac197d6943bfe6fec70ac4e4690d", size = 3082140, upload-time = "2024-10-16T11:22:02.005Z" },
    { url = "https://files.pythonhosted.org/packages/27/ce/63f946c098611f7be234c0dd7cb1ad68b0b5744d34f68062bb3c5aa510c8/psycopg2_binary-2.9.10-cp313-cp313-manylinux_2_17_ppc64le.manylinux2014_ppc64le.whl", hash = "sha256:3abb691ff9e57d4a93355f60d4f4c1dd2d68326c968e7db17ea96df3c023ef73", size = 3264762, upload-time = "2024-10-16T11:22:06.412Z" },
    { url = "https://files.pythonhosted.org/packages/43/25/c603cd81402e69edf7daa59b1602bd41eb9859e2824b8c0855d748366ac9/psycopg2_binary-2.9.10-cp313-cp313-manylinux_2_17_x86_64.manylinux2014_x86_64.whl", hash = "sha256:8608c078134f0b3cbd9f89b34bd60a943b23fd33cc5f065e8d5f840061bd0673", size = 3020967, upload-time = "2024-10-16T11:22:11.583Z" },
    { url = "https://files.pythonhosted.org/packages/5f/d6/8708d8c6fca531057fa170cdde8df870e8b6a9b136e82b361c65e42b841e/psycopg2_binary-2.9.10-cp313-cp313-musllinux_1_2_aarch64.whl", hash = "sha256:230eeae2d71594103cd5b93fd29d1ace6420d0b86f4778739cb1a5a32f607d1f", size = 2872326, upload-time = "2024-10-16T11:22:16.406Z" },
    { url = "https://files.pythonhosted.org/packages/ce/ac/5b1ea50fc08a9df82de7e1771537557f07c2632231bbab652c7e22597908/psycopg2_binary-2.9.10-cp313-cp313-musllinux_1_2_i686.whl", hash = "sha256:bb89f0a835bcfc1d42ccd5f41f04870c1b936d8507c6df12b7737febc40f0909", size = 2822712, upload-time = "2024-10-16T11:22:21.366Z" },
    { url = "https://files.pythonhosted.org/packages/c4/fc/504d4503b2abc4570fac3ca56eb8fed5e437bf9c9ef13f36b6621db8ef00/psycopg2_binary-2.9.10-cp313-cp313-musllinux_1_2_ppc64le.whl", hash = "sha256:f0c2d907a1e102526dd2986df638343388b94c33860ff3bbe1384130828714b1", size = 2920155, upload-time = "2024-10-16T11:22:25.684Z" },
    { url = "https://files.pythonhosted.org/packages/b2/d1/323581e9273ad2c0dbd1902f3fb50c441da86e894b6e25a73c3fda32c57e/psycopg2_binary-2.9.10-cp313-cp313-musllinux_1_2_x86_64.whl", hash = "sha256:f8157bed2f51db683f31306aa497311b560f2265998122abe1dce6428bd86567", size = 2959356, upload-time = "2024-10-16T11:22:30.562Z" },
    { url = "https://files.pythonhosted.org/packages/08/50/d13ea0a054189ae1bc21af1d85b6f8bb9bbc5572991055d70ad9006fe2d6/psycopg2_binary-2.9.10-cp313-cp313-win_amd64.whl", hash = "sha256:27422aa5f11fbcd9b18da48373eb67081243662f9b46e6fd07c3eb46e4535142", size = 2569224, upload-time = "2025-01-04T20:09:19.234Z" },
]

[[package]]
name = "pygments"
version = "2.19.2"
source = { registry = "https://pypi.org/simple" }
sdist = { url = "https://files.pythonhosted.org/packages/b0/77/a5b8c569bf593b0140bde72ea885a803b82086995367bf2037de0159d924/pygments-2.19.2.tar.gz", hash = "sha256:636cb2477cec7f8952536970bc533bc43743542f70392ae026374600add5b887", size = 4968631, upload-time = "2025-06-21T13:39:12.283Z" }
wheels = [
    { url = "https://files.pythonhosted.org/packages/c7/21/705964c7812476f378728bdf590ca4b771ec72385c533964653c68e86bdc/pygments-2.19.2-py3-none-any.whl", hash = "sha256:86540386c03d588bb81d44bc3928634ff26449851e99741617ecb9037ee5ec0b", size = 1225217, upload-time = "2025-06-21T13:39:07.939Z" },
]

[[package]]
name = "pyparsing"
version = "3.2.3"
source = { registry = "https://pypi.org/simple" }
sdist = { url = "https://files.pythonhosted.org/packages/bb/22/f1129e69d94ffff626bdb5c835506b3a5b4f3d070f17ea295e12c2c6f60f/pyparsing-3.2.3.tar.gz", hash = "sha256:b9c13f1ab8b3b542f72e28f634bad4de758ab3ce4546e4301970ad6fa77c38be", size = 1088608, upload-time = "2025-03-25T05:01:28.114Z" }
wheels = [
    { url = "https://files.pythonhosted.org/packages/05/e7/df2285f3d08fee213f2d041540fa4fc9ca6c2d44cf36d3a035bf2a8d2bcc/pyparsing-3.2.3-py3-none-any.whl", hash = "sha256:a749938e02d6fd0b59b356ca504a24982314bb090c383e3cf201c95ef7e2bfcf", size = 111120, upload-time = "2025-03-25T05:01:24.908Z" },
]

[[package]]
name = "pytest"
version = "8.4.2"
source = { registry = "https://pypi.org/simple" }
dependencies = [
    { name = "colorama", marker = "sys_platform == 'win32'" },
    { name = "iniconfig" },
    { name = "packaging" },
    { name = "pluggy" },
    { name = "pygments" },
]
sdist = { url = "https://files.pythonhosted.org/packages/a3/5c/00a0e072241553e1a7496d638deababa67c5058571567b92a7eaa258397c/pytest-8.4.2.tar.gz", hash = "sha256:86c0d0b93306b961d58d62a4db4879f27fe25513d4b969df351abdddb3c30e01", size = 1519618, upload-time = "2025-09-04T14:34:22.711Z" }
wheels = [
    { url = "https://files.pythonhosted.org/packages/a8/a4/20da314d277121d6534b3a980b29035dcd51e6744bd79075a6ce8fa4eb8d/pytest-8.4.2-py3-none-any.whl", hash = "sha256:872f880de3fc3a5bdc88a11b39c9710c3497a547cfa9320bc3c5e62fbf272e79", size = 365750, upload-time = "2025-09-04T14:34:20.226Z" },
]

[[package]]
name = "pytest-cov"
version = "7.0.0"
source = { registry = "https://pypi.org/simple" }
dependencies = [
    { name = "coverage" },
    { name = "pluggy" },
    { name = "pytest" },
]
sdist = { url = "https://files.pythonhosted.org/packages/5e/f7/c933acc76f5208b3b00089573cf6a2bc26dc80a8aece8f52bb7d6b1855ca/pytest_cov-7.0.0.tar.gz", hash = "sha256:33c97eda2e049a0c5298e91f519302a1334c26ac65c1a483d6206fd458361af1", size = 54328, upload-time = "2025-09-09T10:57:02.113Z" }
wheels = [
    { url = "https://files.pythonhosted.org/packages/ee/49/1377b49de7d0c1ce41292161ea0f721913fa8722c19fb9c1e3aa0367eecb/pytest_cov-7.0.0-py3-none-any.whl", hash = "sha256:3b8e9558b16cc1479da72058bdecf8073661c7f57f7d3c5f22a1c23507f2d861", size = 22424, upload-time = "2025-09-09T10:57:00.695Z" },
]

[[package]]
name = "rapt2"
version = "0.5.0"
source = { editable = "." }
dependencies = [
    { name = "psycopg2-binary" },
    { name = "pyparsing" },
]

[package.dev-dependencies]
dev = [
    { name = "debugpy" },
    { name = "pytest" },
    { name = "pytest-cov" },
    { name = "ruff" },
]

[package.metadata]
requires-dist = [
    { name = "psycopg2-binary", specifier = "==2.9.10" },
    { name = "pyparsing", specifier = ">=3.2.3" },
]

[package.metadata.requires-dev]
dev = [
    { name = "debugpy", specifier = ">=1.8.16" },
    { name = "pytest", specifier = ">=8.4.2" },
    { name = "pytest-cov", specifier = ">=7.0.0" },
    { name = "ruff", specifier = ">=0.12.12" },
]

[[package]]
name = "ruff"
version = "0.12.12"
source = { registry = "https://pypi.org/simple" }
sdist = { url = "https://files.pythonhosted.org/packages/a8/f0/e0965dd709b8cabe6356811c0ee8c096806bb57d20b5019eb4e48a117410/ruff-0.12.12.tar.gz", hash = "sha256:b86cd3415dbe31b3b46a71c598f4c4b2f550346d1ccf6326b347cc0c8fd063d6", size = 5359915, upload-time = "2025-09-04T16:50:18.273Z" }
wheels = [
    { url = "https://files.pythonhosted.org/packages/09/79/8d3d687224d88367b51c7974cec1040c4b015772bfbeffac95face14c04a/ruff-0.12.12-py3-none-linux_armv6l.whl", hash = "sha256:de1c4b916d98ab289818e55ce481e2cacfaad7710b01d1f990c497edf217dafc", size = 12116602, upload-time = "2025-09-04T16:49:18.892Z" },
    { url = "https://files.pythonhosted.org/packages/c3/c3/6e599657fe192462f94861a09aae935b869aea8a1da07f47d6eae471397c/ruff-0.12.12-py3-none-macosx_10_12_x86_64.whl", hash = "sha256:7acd6045e87fac75a0b0cdedacf9ab3e1ad9d929d149785903cff9bb69ad9727", size = 12868393, upload-time = "2025-09-04T16:49:23.043Z" },
    { url = "https://files.pythonhosted.org/packages/e8/d2/9e3e40d399abc95336b1843f52fc0daaceb672d0e3c9290a28ff1a96f79d/ruff-0.12.12-py3-none-macosx_11_0_arm64.whl", hash = "sha256:abf4073688d7d6da16611f2f126be86523a8ec4343d15d276c614bda8ec44edb", size = 12036967, upload-time = "2025-09-04T16:49:26.04Z" },
    { url = "https://files.pythonhosted.org/packages/e9/03/6816b2ed08836be272e87107d905f0908be5b4a40c14bfc91043e76631b8/ruff-0.12.12-py3-none-manylinux_2_17_aarch64.manylinux2014_aarch64.whl", hash = "sha256:968e77094b1d7a576992ac078557d1439df678a34c6fe02fd979f973af167577", size = 12276038, upload-time = "2025-09-04T16:49:29.056Z" },
    { url = "https://files.pythonhosted.org/packages/9f/d5/707b92a61310edf358a389477eabd8af68f375c0ef858194be97ca5b6069/ruff-0.12.12-py3-none-manylinux_2_17_armv7l.manylinux2014_armv7l.whl", hash = "sha256:42a67d16e5b1ffc6d21c5f67851e0e769517fb57a8ebad1d0781b30888aa704e", size = 11901110, upload-time = "2025-09-04T16:49:32.07Z" },
    { url = "https://files.pythonhosted.org/packages/9d/3d/f8b1038f4b9822e26ec3d5b49cf2bc313e3c1564cceb4c1a42820bf74853/ruff-0.12.12-py3-none-manylinux_2_17_i686.manylinux2014_i686.whl", hash = "sha256:b216ec0a0674e4b1214dcc998a5088e54eaf39417327b19ffefba1c4a1e4971e", size = 13668352, upload-time = "2025-09-04T16:49:35.148Z" },
    { url = "https://files.pythonhosted.org/packages/98/0e/91421368ae6c4f3765dd41a150f760c5f725516028a6be30e58255e3c668/ruff-0.12.12-py3-none-manylinux_2_17_ppc64.manylinux2014_ppc64.whl", hash = "sha256:59f909c0fdd8f1dcdbfed0b9569b8bf428cf144bec87d9de298dcd4723f5bee8", size = 14638365, upload-time = "2025-09-04T16:49:38.892Z" },
    { url = "https://files.pythonhosted.org/packages/74/5d/88f3f06a142f58ecc8ecb0c2fe0b82343e2a2b04dcd098809f717cf74b6c/ruff-0.12.12-py3-none-manylinux_2_17_ppc64le.manylinux2014_ppc64le.whl", hash = "sha256:9ac93d87047e765336f0c18eacad51dad0c1c33c9df7484c40f98e1d773876f5", size = 14060812, upload-time = "2025-09-04T16:49:42.732Z" },
    { url = "https://files.pythonhosted.org/packages/13/fc/8962e7ddd2e81863d5c92400820f650b86f97ff919c59836fbc4c1a6d84c/ruff-0.12.12-py3-none-manylinux_2_17_s390x.manylinux2014_s390x.whl", hash = "sha256:01543c137fd3650d322922e8b14cc133b8ea734617c4891c5a9fccf4bfc9aa92", size = 13050208, upload-time = "2025-09-04T16:49:46.434Z" },
    { url = "https://files.pythonhosted.org/packages/53/06/8deb52d48a9a624fd37390555d9589e719eac568c020b27e96eed671f25f/ruff-0.12.12-py3-none-manylinux_2_17_x86_64.manylinux2014_x86_64.whl", hash = "sha256:2afc2fa864197634e549d87fb1e7b6feb01df0a80fd510d6489e1ce8c0b1cc45", size = 13311444, upload-time = "2025-09-04T16:49:49.931Z" },
    { url = "https://files.pythonhosted.org/packages/2a/81/de5a29af7eb8f341f8140867ffb93f82e4fde7256dadee79016ac87c2716/ruff-0.12.12-py3-none-manylinux_2_31_riscv64.whl", hash = "sha256:0c0945246f5ad776cb8925e36af2438e66188d2b57d9cf2eed2c382c58b371e5", size = 13279474, upload-time = "2025-09-04T16:49:53.465Z" },
    { url = "https://files.pythonhosted.org/packages/7f/14/d9577fdeaf791737ada1b4f5c6b59c21c3326f3f683229096cccd7674e0c/ruff-0.12.12-py3-none-musllinux_1_2_aarch64.whl", hash = "sha256:a0fbafe8c58e37aae28b84a80ba1817f2ea552e9450156018a478bf1fa80f4e4", size = 12070204, upload-time = "2025-09-04T16:49:56.882Z" },
    { url = "https://files.pythonhosted.org/packages/77/04/a910078284b47fad54506dc0af13839c418ff704e341c176f64e1127e461/ruff-0.12.12-py3-none-musllinux_1_2_armv7l.whl", hash = "sha256:b9c456fb2fc8e1282affa932c9e40f5ec31ec9cbb66751a316bd131273b57c23", size = 11880347, upload-time = "2025-09-04T16:49:59.729Z" },
    { url = "https://files.pythonhosted.org/packages/df/58/30185fcb0e89f05e7ea82e5817b47798f7fa7179863f9d9ba6fd4fe1b098/ruff-0.12.12-py3-none-musllinux_1_2_i686.whl", hash = "sha256:5f12856123b0ad0147d90b3961f5c90e7427f9acd4b40050705499c98983f489", size = 12891844, upload-time = "2025-09-04T16:50:02.591Z" },
    { url = "https://files.pythonhosted.org/packages/21/9c/28a8dacce4855e6703dcb8cdf6c1705d0b23dd01d60150786cd55aa93b16/ruff-0.12.12-py3-none-musllinux_1_2_x86_64.whl", hash = "sha256:26a1b5a2bf7dd2c47e3b46d077cd9c0fc3b93e6c6cc9ed750bd312ae9dc302ee", size = 13360687, upload-time = "2025-09-04T16:50:05.8Z" },
    { url = "https://files.pythonhosted.org/packages/c8/fa/05b6428a008e60f79546c943e54068316f32ec8ab5c4f73e4563934fbdc7/ruff-0.12.12-py3-none-win32.whl", hash = "sha256:173be2bfc142af07a01e3a759aba6f7791aa47acf3604f610b1c36db888df7b1", size = 12052870, upload-time = "2025-09-04T16:50:09.121Z" },
    { url = "https://files.pythonhosted.org/packages/85/60/d1e335417804df452589271818749d061b22772b87efda88354cf35cdb7a/ruff-0.12.12-py3-none-win_amd64.whl", hash = "sha256:e99620bf01884e5f38611934c09dd194eb665b0109104acae3ba6102b600fd0d", size = 13178016, upload-time = "2025-09-04T16:50:12.559Z" },
    { url = "https://files.pythonhosted.org/packages/28/7e/61c42657f6e4614a4258f1c3b0c5b93adc4d1f8575f5229d1906b483099b/ruff-0.12.12-py3-none-win_arm64.whl", hash = "sha256:2a8199cab4ce4d72d158319b63370abf60991495fb733db96cd923a34c52d093", size = 12256762, upload-time = "2025-09-04T16:50:15.737Z" },
]
